
Microsoft Visual Studio Solution File, Format Version 12.00
# Visual Studio 15
VisualStudioVersion = 15.0.26014.0
MinimumVisualStudioVersion = 10.0.40219.1
Project("{262852C6-CD72-467D-83FE-5EEB1973A190}") = "CameraCaptureUI", "CameraCaptureUI.jsproj", "{9EE3BA23-05BA-402A-A8B6-F3281C3F8B2C}"
EndProject
Project("{2150E333-8FDC-42A3-9474-1A3956D46DE8}") = "Solution Items", "Solution Items", "{B6C388F9-F7E4-4724-ADF3-FA4953758F0B}"
	ProjectSection(SolutionItems) = preProject
		C:\USERS\KENNEDY\APPDATA\LOCAL\MICROSOFT\VISUALSTUDIO\15.0_36CB469C\EXTENSIONS\411QVPVY.Z3B\description.html = C:\USERS\KENNEDY\APPDATA\LOCAL\MICROSOFT\VISUALSTUDIO\15.0_36CB469C\EXTENSIONS\411QVPVY.Z3B\description.html
	EndProjectSection
EndProject
Global
	GlobalSection(SolutionConfigurationPlatforms) = preSolution
		Debug|Any CPU = Debug|Any CPU
		Release|Any CPU = Release|Any CPU
	EndGlobalSection
	GlobalSection(ProjectConfigurationPlatforms) = postSolution
		{9EE3BA23-05BA-402A-A8B6-F3281C3F8B2C}.Debug|Any CPU.ActiveCfg = Debug|Any CPU
		{9EE3BA23-05BA-402A-A8B6-F3281C3F8B2C}.Debug|Any CPU.Build.0 = Debug|Any CPU
		{9EE3BA23-05BA-402A-A8B6-F3281C3F8B2C}.Debug|Any CPU.Deploy.0 = Debug|Any CPU
		{9EE3BA23-05BA-402A-A8B6-F3281C3F8B2C}.Release|Any CPU.ActiveCfg = Release|Any CPU
		{9EE3BA23-05BA-402A-A8B6-F3281C3F8B2C}.Release|Any CPU.Build.0 = Release|Any CPU
		{9EE3BA23-05BA-402A-A8B6-F3281C3F8B2C}.Release|Any CPU.Deploy.0 = Release|Any CPU
	EndGlobalSection
	GlobalSection(SolutionProperties) = preSolution
		HideSolutionNode = FALSE
	EndGlobalSection
EndGlobal
