
Microsoft Visual Studio Solution File, Format Version 12.00
# Visual Studio 15
VisualStudioVersion = 15.0.26014.0
MinimumVisualStudioVersion = 10.0.40219.1
Project("{FAE04EC0-301F-11D3-BF4B-00C04F79EFBC}") = "App1.Droid", "App1.Droid\App1.Droid.csproj", "{B9C2590B-C901-43F6-9A8C-37A52EECB466}"
EndProject
Project("{FAE04EC0-301F-11D3-BF4B-00C04F79EFBC}") = "App1", "App1\App1.csproj", "{11C58BC3-871C-413F-9F8B-D3A631840FB8}"
EndProject
Project("{FAE04EC0-301F-11D3-BF4B-00C04F79EFBC}") = "App1.iOS", "App1.iOS\App1.iOS.csproj", "{FC65CAAF-07E5-4202-8441-E3FA61A1C428}"
EndProject
Project("{FAE04EC0-301F-11D3-BF4B-00C04F79EFBC}") = "App1.UWP", "App1.UWP\App1.UWP.csproj", "{7BDD58F4-C0F9-4171-924B-03A5F022CA0B}"
EndProject
Global
	GlobalSection(SolutionConfigurationPlatforms) = preSolution
		Ad-Hoc|Any CPU = Ad-Hoc|Any CPU
		Ad-Hoc|ARM = Ad-Hoc|ARM
		Ad-Hoc|iPhone = Ad-Hoc|iPhone
		Ad-Hoc|iPhoneSimulator = Ad-Hoc|iPhoneSimulator
		Ad-Hoc|x64 = Ad-Hoc|x64
		Ad-Hoc|x86 = Ad-Hoc|x86
		AppStore|Any CPU = AppStore|Any CPU
		AppStore|ARM = AppStore|ARM
		AppStore|iPhone = AppStore|iPhone
		AppStore|iPhoneSimulator = AppStore|iPhoneSimulator
		AppStore|x64 = AppStore|x64
		AppStore|x86 = AppStore|x86
		Debug|Any CPU = Debug|Any CPU
		Debug|ARM = Debug|ARM
		Debug|iPhone = Debug|iPhone
		Debug|iPhoneSimulator = Debug|iPhoneSimulator
		Debug|x64 = Debug|x64
		Debug|x86 = Debug|x86
		Release|Any CPU = Release|Any CPU
		Release|ARM = Release|ARM
		Release|iPhone = Release|iPhone
		Release|iPhoneSimulator = Release|iPhoneSimulator
		Release|x64 = Release|x64
		Release|x86 = Release|x86
	EndGlobalSection
	GlobalSection(ProjectConfigurationPlatforms) = postSolution
		{B9C2590B-C901-43F6-9A8C-37A52EECB466}.Ad-Hoc|Any CPU.ActiveCfg = Release|Any CPU
		{B9C2590B-C901-43F6-9A8C-37A52EECB466}.Ad-Hoc|Any CPU.Build.0 = Release|Any CPU
		{B9C2590B-C901-43F6-9A8C-37A52EECB466}.Ad-Hoc|Any CPU.Deploy.0 = Release|Any CPU
		{B9C2590B-C901-43F6-9A8C-37A52EECB466}.Ad-Hoc|ARM.ActiveCfg = Release|Any CPU
		{B9C2590B-C901-43F6-9A8C-37A52EECB466}.Ad-Hoc|ARM.Build.0 = Release|Any CPU
		{B9C2590B-C901-43F6-9A8C-37A52EECB466}.Ad-Hoc|ARM.Deploy.0 = Release|Any CPU
		{B9C2590B-C901-43F6-9A8C-37A52EECB466}.Ad-Hoc|iPhone.ActiveCfg = Release|Any CPU
		{B9C2590B-C901-43F6-9A8C-37A52EECB466}.Ad-Hoc|iPhone.Build.0 = Release|Any CPU
		{B9C2590B-C901-43F6-9A8C-37A52EECB466}.Ad-Hoc|iPhone.Deploy.0 = Release|Any CPU
		{B9C2590B-C901-43F6-9A8C-37A52EECB466}.Ad-Hoc|iPhoneSimulator.ActiveCfg = Release|Any CPU
		{B9C2590B-C901-43F6-9A8C-37A52EECB466}.Ad-Hoc|iPhoneSimulator.Build.0 = Release|Any CPU
		{B9C2590B-C901-43F6-9A8C-37A52EECB466}.Ad-Hoc|iPhoneSimulator.Deploy.0 = Release|Any CPU
		{B9C2590B-C901-43F6-9A8C-37A52EECB466}.Ad-Hoc|x64.ActiveCfg = Release|Any CPU
		{B9C2590B-C901-43F6-9A8C-37A52EECB466}.Ad-Hoc|x64.Build.0 = Release|Any CPU
		{B9C2590B-C901-43F6-9A8C-37A52EECB466}.Ad-Hoc|x64.Deploy.0 = Release|Any CPU
		{B9C2590B-C901-43F6-9A8C-37A52EECB466}.Ad-Hoc|x86.ActiveCfg = Release|Any CPU
		{B9C2590B-C901-43F6-9A8C-37A52EECB466}.Ad-Hoc|x86.Build.0 = Release|Any CPU
		{B9C2590B-C901-43F6-9A8C-37A52EECB466}.Ad-Hoc|x86.Deploy.0 = Release|Any CPU
		{B9C2590B-C901-43F6-9A8C-37A52EECB466}.AppStore|Any CPU.ActiveCfg = Release|Any CPU
		{B9C2590B-C901-43F6-9A8C-37A52EECB466}.AppStore|Any CPU.Build.0 = Release|Any CPU
		{B9C2590B-C901-43F6-9A8C-37A52EECB466}.AppStore|Any CPU.Deploy.0 = Release|Any CPU
		{B9C2590B-C901-43F6-9A8C-37A52EECB466}.AppStore|ARM.ActiveCfg = Release|Any CPU
		{B9C2590B-C901-43F6-9A8C-37A52EECB466}.AppStore|ARM.Build.0 = Release|Any CPU
		{B9C2590B-C901-43F6-9A8C-37A52EECB466}.AppStore|ARM.Deploy.0 = Release|Any CPU
		{B9C2590B-C901-43F6-9A8C-37A52EECB466}.AppStore|iPhone.ActiveCfg = Release|Any CPU
		{B9C2590B-C901-43F6-9A8C-37A52EECB466}.AppStore|iPhone.Build.0 = Release|Any CPU
		{B9C2590B-C901-43F6-9A8C-37A52EECB466}.AppStore|iPhone.Deploy.0 = Release|Any CPU
		{B9C2590B-C901-43F6-9A8C-37A52EECB466}.AppStore|iPhoneSimulator.ActiveCfg = Release|Any CPU
		{B9C2590B-C901-43F6-9A8C-37A52EECB466}.AppStore|iPhoneSimulator.Build.0 = Release|Any CPU
		{B9C2590B-C901-43F6-9A8C-37A52EECB466}.AppStore|iPhoneSimulator.Deploy.0 = Release|Any CPU
		{B9C2590B-C901-43F6-9A8C-37A52EECB466}.AppStore|x64.ActiveCfg = Release|Any CPU
		{B9C2590B-C901-43F6-9A8C-37A52EECB466}.AppStore|x64.Build.0 = Release|Any CPU
		{B9C2590B-C901-43F6-9A8C-37A52EECB466}.AppStore|x64.Deploy.0 = Release|Any CPU
		{B9C2590B-C901-43F6-9A8C-37A52EECB466}.AppStore|x86.ActiveCfg = Release|Any CPU
		{B9C2590B-C901-43F6-9A8C-37A52EECB466}.AppStore|x86.Build.0 = Release|Any CPU
		{B9C2590B-C901-43F6-9A8C-37A52EECB466}.AppStore|x86.Deploy.0 = Release|Any CPU
		{B9C2590B-C901-43F6-9A8C-37A52EECB466}.Debug|Any CPU.ActiveCfg = Debug|Any CPU
		{B9C2590B-C901-43F6-9A8C-37A52EECB466}.Debug|Any CPU.Build.0 = Debug|Any CPU
		{B9C2590B-C901-43F6-9A8C-37A52EECB466}.Debug|Any CPU.Deploy.0 = Debug|Any CPU
		{B9C2590B-C901-43F6-9A8C-37A52EECB466}.Debug|ARM.ActiveCfg = Debug|Any CPU
		{B9C2590B-C901-43F6-9A8C-37A52EECB466}.Debug|ARM.Build.0 = Debug|Any CPU
		{B9C2590B-C901-43F6-9A8C-37A52EECB466}.Debug|ARM.Deploy.0 = Debug|Any CPU
		{B9C2590B-C901-43F6-9A8C-37A52EECB466}.Debug|iPhone.ActiveCfg = Debug|Any CPU
		{B9C2590B-C901-43F6-9A8C-37A52EECB466}.Debug|iPhone.Build.0 = Debug|Any CPU
		{B9C2590B-C901-43F6-9A8C-37A52EECB466}.Debug|iPhone.Deploy.0 = Debug|Any CPU
		{B9C2590B-C901-43F6-9A8C-37A52EECB466}.Debug|iPhoneSimulator.ActiveCfg = Debug|Any CPU
		{B9C2590B-C901-43F6-9A8C-37A52EECB466}.Debug|iPhoneSimulator.Build.0 = Debug|Any CPU
		{B9C2590B-C901-43F6-9A8C-37A52EECB466}.Debug|iPhoneSimulator.Deploy.0 = Debug|Any CPU
		{B9C2590B-C901-43F6-9A8C-37A52EECB466}.Debug|x64.ActiveCfg = Debug|Any CPU
		{B9C2590B-C901-43F6-9A8C-37A52EECB466}.Debug|x64.Build.0 = Debug|Any CPU
		{B9C2590B-C901-43F6-9A8C-37A52EECB466}.Debug|x64.Deploy.0 = Debug|Any CPU
		{B9C2590B-C901-43F6-9A8C-37A52EECB466}.Debug|x86.ActiveCfg = Debug|Any CPU
		{B9C2590B-C901-43F6-9A8C-37A52EECB466}.Debug|x86.Build.0 = Debug|Any CPU
		{B9C2590B-C901-43F6-9A8C-37A52EECB466}.Debug|x86.Deploy.0 = Debug|Any CPU
		{B9C2590B-C901-43F6-9A8C-37A52EECB466}.Release|Any CPU.ActiveCfg = Release|Any CPU
		{B9C2590B-C901-43F6-9A8C-37A52EECB466}.Release|Any CPU.Build.0 = Release|Any CPU
		{B9C2590B-C901-43F6-9A8C-37A52EECB466}.Release|Any CPU.Deploy.0 = Release|Any CPU
		{B9C2590B-C901-43F6-9A8C-37A52EECB466}.Release|ARM.ActiveCfg = Release|Any CPU
		{B9C2590B-C901-43F6-9A8C-37A52EECB466}.Release|ARM.Build.0 = Release|Any CPU
		{B9C2590B-C901-43F6-9A8C-37A52EECB466}.Release|ARM.Deploy.0 = Release|Any CPU
		{B9C2590B-C901-43F6-9A8C-37A52EECB466}.Release|iPhone.ActiveCfg = Release|Any CPU
		{B9C2590B-C901-43F6-9A8C-37A52EECB466}.Release|iPhone.Build.0 = Release|Any CPU
		{B9C2590B-C901-43F6-9A8C-37A52EECB466}.Release|iPhone.Deploy.0 = Release|Any CPU
		{B9C2590B-C901-43F6-9A8C-37A52EECB466}.Release|iPhoneSimulator.ActiveCfg = Release|Any CPU
		{B9C2590B-C901-43F6-9A8C-37A52EECB466}.Release|iPhoneSimulator.Build.0 = Release|Any CPU
		{B9C2590B-C901-43F6-9A8C-37A52EECB466}.Release|iPhoneSimulator.Deploy.0 = Release|Any CPU
		{B9C2590B-C901-43F6-9A8C-37A52EECB466}.Release|x64.ActiveCfg = Release|Any CPU
		{B9C2590B-C901-43F6-9A8C-37A52EECB466}.Release|x64.Build.0 = Release|Any CPU
		{B9C2590B-C901-43F6-9A8C-37A52EECB466}.Release|x64.Deploy.0 = Release|Any CPU
		{B9C2590B-C901-43F6-9A8C-37A52EECB466}.Release|x86.ActiveCfg = Release|Any CPU
		{B9C2590B-C901-43F6-9A8C-37A52EECB466}.Release|x86.Build.0 = Release|Any CPU
		{B9C2590B-C901-43F6-9A8C-37A52EECB466}.Release|x86.Deploy.0 = Release|Any CPU
		{11C58BC3-871C-413F-9F8B-D3A631840FB8}.Ad-Hoc|Any CPU.ActiveCfg = Release|Any CPU
		{11C58BC3-871C-413F-9F8B-D3A631840FB8}.Ad-Hoc|Any CPU.Build.0 = Release|Any CPU
		{11C58BC3-871C-413F-9F8B-D3A631840FB8}.Ad-Hoc|ARM.ActiveCfg = Release|Any CPU
		{11C58BC3-871C-413F-9F8B-D3A631840FB8}.Ad-Hoc|ARM.Build.0 = Release|Any CPU
		{11C58BC3-871C-413F-9F8B-D3A631840FB8}.Ad-Hoc|iPhone.ActiveCfg = Release|Any CPU
		{11C58BC3-871C-413F-9F8B-D3A631840FB8}.Ad-Hoc|iPhone.Build.0 = Release|Any CPU
		{11C58BC3-871C-413F-9F8B-D3A631840FB8}.Ad-Hoc|iPhoneSimulator.ActiveCfg = Release|Any CPU
		{11C58BC3-871C-413F-9F8B-D3A631840FB8}.Ad-Hoc|iPhoneSimulator.Build.0 = Release|Any CPU
		{11C58BC3-871C-413F-9F8B-D3A631840FB8}.Ad-Hoc|x64.ActiveCfg = Release|Any CPU
		{11C58BC3-871C-413F-9F8B-D3A631840FB8}.Ad-Hoc|x64.Build.0 = Release|Any CPU
		{11C58BC3-871C-413F-9F8B-D3A631840FB8}.Ad-Hoc|x86.ActiveCfg = Release|Any CPU
		{11C58BC3-871C-413F-9F8B-D3A631840FB8}.Ad-Hoc|x86.Build.0 = Release|Any CPU
		{11C58BC3-871C-413F-9F8B-D3A631840FB8}.AppStore|Any CPU.ActiveCfg = Release|Any CPU
		{11C58BC3-871C-413F-9F8B-D3A631840FB8}.AppStore|Any CPU.Build.0 = Release|Any CPU
		{11C58BC3-871C-413F-9F8B-D3A631840FB8}.AppStore|ARM.ActiveCfg = Release|Any CPU
		{11C58BC3-871C-413F-9F8B-D3A631840FB8}.AppStore|ARM.Build.0 = Release|Any CPU
		{11C58BC3-871C-413F-9F8B-D3A631840FB8}.AppStore|iPhone.ActiveCfg = Release|Any CPU
		{11C58BC3-871C-413F-9F8B-D3A631840FB8}.AppStore|iPhone.Build.0 = Release|Any CPU
		{11C58BC3-871C-413F-9F8B-D3A631840FB8}.AppStore|iPhoneSimulator.ActiveCfg = Release|Any CPU
		{11C58BC3-871C-413F-9F8B-D3A631840FB8}.AppStore|iPhoneSimulator.Build.0 = Release|Any CPU
		{11C58BC3-871C-413F-9F8B-D3A631840FB8}.AppStore|x64.ActiveCfg = Release|Any CPU
		{11C58BC3-871C-413F-9F8B-D3A631840FB8}.AppStore|x64.Build.0 = Release|Any CPU
		{11C58BC3-871C-413F-9F8B-D3A631840FB8}.AppStore|x86.ActiveCfg = Release|Any CPU
		{11C58BC3-871C-413F-9F8B-D3A631840FB8}.AppStore|x86.Build.0 = Release|Any CPU
		{11C58BC3-871C-413F-9F8B-D3A631840FB8}.Debug|Any CPU.ActiveCfg = Debug|Any CPU
		{11C58BC3-871C-413F-9F8B-D3A631840FB8}.Debug|Any CPU.Build.0 = Debug|Any CPU
		{11C58BC3-871C-413F-9F8B-D3A631840FB8}.Debug|ARM.ActiveCfg = Debug|Any CPU
		{11C58BC3-871C-413F-9F8B-D3A631840FB8}.Debug|ARM.Build.0 = Debug|Any CPU
		{11C58BC3-871C-413F-9F8B-D3A631840FB8}.Debug|iPhone.ActiveCfg = Debug|Any CPU
		{11C58BC3-871C-413F-9F8B-D3A631840FB8}.Debug|iPhone.Build.0 = Debug|Any CPU
		{11C58BC3-871C-413F-9F8B-D3A631840FB8}.Debug|iPhoneSimulator.ActiveCfg = Debug|Any CPU
		{11C58BC3-871C-413F-9F8B-D3A631840FB8}.Debug|iPhoneSimulator.Build.0 = Debug|Any CPU
		{11C58BC3-871C-413F-9F8B-D3A631840FB8}.Debug|x64.ActiveCfg = Debug|Any CPU
		{11C58BC3-871C-413F-9F8B-D3A631840FB8}.Debug|x64.Build.0 = Debug|Any CPU
		{11C58BC3-871C-413F-9F8B-D3A631840FB8}.Debug|x86.ActiveCfg = Debug|Any CPU
		{11C58BC3-871C-413F-9F8B-D3A631840FB8}.Debug|x86.Build.0 = Debug|Any CPU
		{11C58BC3-871C-413F-9F8B-D3A631840FB8}.Release|Any CPU.ActiveCfg = Release|Any CPU
		{11C58BC3-871C-413F-9F8B-D3A631840FB8}.Release|Any CPU.Build.0 = Release|Any CPU
		{11C58BC3-871C-413F-9F8B-D3A631840FB8}.Release|ARM.ActiveCfg = Release|Any CPU
		{11C58BC3-871C-413F-9F8B-D3A631840FB8}.Release|ARM.Build.0 = Release|Any CPU
		{11C58BC3-871C-413F-9F8B-D3A631840FB8}.Release|iPhone.ActiveCfg = Release|Any CPU
		{11C58BC3-871C-413F-9F8B-D3A631840FB8}.Release|iPhone.Build.0 = Release|Any CPU
		{11C58BC3-871C-413F-9F8B-D3A631840FB8}.Release|iPhoneSimulator.ActiveCfg = Release|Any CPU
		{11C58BC3-871C-413F-9F8B-D3A631840FB8}.Release|iPhoneSimulator.Build.0 = Release|Any CPU
		{11C58BC3-871C-413F-9F8B-D3A631840FB8}.Release|x64.ActiveCfg = Release|Any CPU
		{11C58BC3-871C-413F-9F8B-D3A631840FB8}.Release|x64.Build.0 = Release|Any CPU
		{11C58BC3-871C-413F-9F8B-D3A631840FB8}.Release|x86.ActiveCfg = Release|Any CPU
		{11C58BC3-871C-413F-9F8B-D3A631840FB8}.Release|x86.Build.0 = Release|Any CPU
		{FC65CAAF-07E5-4202-8441-E3FA61A1C428}.Ad-Hoc|Any CPU.ActiveCfg = Ad-Hoc|iPhone
		{FC65CAAF-07E5-4202-8441-E3FA61A1C428}.Ad-Hoc|ARM.ActiveCfg = Ad-Hoc|iPhone
		{FC65CAAF-07E5-4202-8441-E3FA61A1C428}.Ad-Hoc|iPhone.ActiveCfg = Ad-Hoc|iPhone
		{FC65CAAF-07E5-4202-8441-E3FA61A1C428}.Ad-Hoc|iPhone.Build.0 = Ad-Hoc|iPhone
		{FC65CAAF-07E5-4202-8441-E3FA61A1C428}.Ad-Hoc|iPhoneSimulator.ActiveCfg = Ad-Hoc|iPhoneSimulator
		{FC65CAAF-07E5-4202-8441-E3FA61A1C428}.Ad-Hoc|iPhoneSimulator.Build.0 = Ad-Hoc|iPhoneSimulator
		{FC65CAAF-07E5-4202-8441-E3FA61A1C428}.Ad-Hoc|x64.ActiveCfg = Ad-Hoc|iPhone
		{FC65CAAF-07E5-4202-8441-E3FA61A1C428}.Ad-Hoc|x86.ActiveCfg = Ad-Hoc|iPhone
		{FC65CAAF-07E5-4202-8441-E3FA61A1C428}.AppStore|Any CPU.ActiveCfg = AppStore|iPhone
		{FC65CAAF-07E5-4202-8441-E3FA61A1C428}.AppStore|ARM.ActiveCfg = AppStore|iPhone
		{FC65CAAF-07E5-4202-8441-E3FA61A1C428}.AppStore|iPhone.ActiveCfg = AppStore|iPhone
		{FC65CAAF-07E5-4202-8441-E3FA61A1C428}.AppStore|iPhone.Build.0 = AppStore|iPhone
		{FC65CAAF-07E5-4202-8441-E3FA61A1C428}.AppStore|iPhoneSimulator.ActiveCfg = AppStore|iPhoneSimulator
		{FC65CAAF-07E5-4202-8441-E3FA61A1C428}.AppStore|iPhoneSimulator.Build.0 = AppStore|iPhoneSimulator
		{FC65CAAF-07E5-4202-8441-E3FA61A1C428}.AppStore|x64.ActiveCfg = AppStore|iPhone
		{FC65CAAF-07E5-4202-8441-E3FA61A1C428}.AppStore|x86.ActiveCfg = AppStore|iPhone
		{FC65CAAF-07E5-4202-8441-E3FA61A1C428}.Debug|Any CPU.ActiveCfg = Debug|iPhone
		{FC65CAAF-07E5-4202-8441-E3FA61A1C428}.Debug|ARM.ActiveCfg = Debug|iPhone
		{FC65CAAF-07E5-4202-8441-E3FA61A1C428}.Debug|iPhone.ActiveCfg = Debug|iPhone
		{FC65CAAF-07E5-4202-8441-E3FA61A1C428}.Debug|iPhone.Build.0 = Debug|iPhone
		{FC65CAAF-07E5-4202-8441-E3FA61A1C428}.Debug|iPhoneSimulator.ActiveCfg = Debug|iPhoneSimulator
		{FC65CAAF-07E5-4202-8441-E3FA61A1C428}.Debug|iPhoneSimulator.Build.0 = Debug|iPhoneSimulator
		{FC65CAAF-07E5-4202-8441-E3FA61A1C428}.Debug|x64.ActiveCfg = Debug|iPhone
		{FC65CAAF-07E5-4202-8441-E3FA61A1C428}.Debug|x86.ActiveCfg = Debug|iPhone
		{FC65CAAF-07E5-4202-8441-E3FA61A1C428}.Release|Any CPU.ActiveCfg = Release|iPhone
		{FC65CAAF-07E5-4202-8441-E3FA61A1C428}.Release|ARM.ActiveCfg = Release|iPhone
		{FC65CAAF-07E5-4202-8441-E3FA61A1C428}.Release|iPhone.ActiveCfg = Release|iPhone
		{FC65CAAF-07E5-4202-8441-E3FA61A1C428}.Release|iPhone.Build.0 = Release|iPhone
		{FC65CAAF-07E5-4202-8441-E3FA61A1C428}.Release|iPhoneSimulator.ActiveCfg = Release|iPhoneSimulator
		{FC65CAAF-07E5-4202-8441-E3FA61A1C428}.Release|iPhoneSimulator.Build.0 = Release|iPhoneSimulator
		{FC65CAAF-07E5-4202-8441-E3FA61A1C428}.Release|x64.ActiveCfg = Release|iPhone
		{FC65CAAF-07E5-4202-8441-E3FA61A1C428}.Release|x86.ActiveCfg = Release|iPhone
		{7BDD58F4-C0F9-4171-924B-03A5F022CA0B}.Ad-Hoc|Any CPU.ActiveCfg = Release|x86
		{7BDD58F4-C0F9-4171-924B-03A5F022CA0B}.Ad-Hoc|Any CPU.Build.0 = Release|x86
		{7BDD58F4-C0F9-4171-924B-03A5F022CA0B}.Ad-Hoc|Any CPU.Deploy.0 = Release|x86
		{7BDD58F4-C0F9-4171-924B-03A5F022CA0B}.Ad-Hoc|ARM.ActiveCfg = Release|ARM
		{7BDD58F4-C0F9-4171-924B-03A5F022CA0B}.Ad-Hoc|ARM.Build.0 = Release|ARM
		{7BDD58F4-C0F9-4171-924B-03A5F022CA0B}.Ad-Hoc|ARM.Deploy.0 = Release|ARM
		{7BDD58F4-C0F9-4171-924B-03A5F022CA0B}.Ad-Hoc|iPhone.ActiveCfg = Release|x86
		{7BDD58F4-C0F9-4171-924B-03A5F022CA0B}.Ad-Hoc|iPhone.Build.0 = Release|x86
		{7BDD58F4-C0F9-4171-924B-03A5F022CA0B}.Ad-Hoc|iPhone.Deploy.0 = Release|x86
		{7BDD58F4-C0F9-4171-924B-03A5F022CA0B}.Ad-Hoc|iPhoneSimulator.ActiveCfg = Release|x86
		{7BDD58F4-C0F9-4171-924B-03A5F022CA0B}.Ad-Hoc|iPhoneSimulator.Build.0 = Release|x86
		{7BDD58F4-C0F9-4171-924B-03A5F022CA0B}.Ad-Hoc|iPhoneSimulator.Deploy.0 = Release|x86
		{7BDD58F4-C0F9-4171-924B-03A5F022CA0B}.Ad-Hoc|x64.ActiveCfg = Release|x64
		{7BDD58F4-C0F9-4171-924B-03A5F022CA0B}.Ad-Hoc|x64.Build.0 = Release|x64
		{7BDD58F4-C0F9-4171-924B-03A5F022CA0B}.Ad-Hoc|x64.Deploy.0 = Release|x64
		{7BDD58F4-C0F9-4171-924B-03A5F022CA0B}.Ad-Hoc|x86.ActiveCfg = Release|x86
		{7BDD58F4-C0F9-4171-924B-03A5F022CA0B}.Ad-Hoc|x86.Build.0 = Release|x86
		{7BDD58F4-C0F9-4171-924B-03A5F022CA0B}.Ad-Hoc|x86.Deploy.0 = Release|x86
		{7BDD58F4-C0F9-4171-924B-03A5F022CA0B}.AppStore|Any CPU.ActiveCfg = Release|x86
		{7BDD58F4-C0F9-4171-924B-03A5F022CA0B}.AppStore|Any CPU.Build.0 = Release|x86
		{7BDD58F4-C0F9-4171-924B-03A5F022CA0B}.AppStore|Any CPU.Deploy.0 = Release|x86
		{7BDD58F4-C0F9-4171-924B-03A5F022CA0B}.AppStore|ARM.ActiveCfg = Release|ARM
		{7BDD58F4-C0F9-4171-924B-03A5F022CA0B}.AppStore|ARM.Build.0 = Release|ARM
		{7BDD58F4-C0F9-4171-924B-03A5F022CA0B}.AppStore|ARM.Deploy.0 = Release|ARM
		{7BDD58F4-C0F9-4171-924B-03A5F022CA0B}.AppStore|iPhone.ActiveCfg = Release|x86
		{7BDD58F4-C0F9-4171-924B-03A5F022CA0B}.AppStore|iPhone.Build.0 = Release|x86
		{7BDD58F4-C0F9-4171-924B-03A5F022CA0B}.AppStore|iPhone.Deploy.0 = Release|x86
		{7BDD58F4-C0F9-4171-924B-03A5F022CA0B}.AppStore|iPhoneSimulator.ActiveCfg = Release|x86
		{7BDD58F4-C0F9-4171-924B-03A5F022CA0B}.AppStore|iPhoneSimulator.Build.0 = Release|x86
		{7BDD58F4-C0F9-4171-924B-03A5F022CA0B}.AppStore|iPhoneSimulator.Deploy.0 = Release|x86
		{7BDD58F4-C0F9-4171-924B-03A5F022CA0B}.AppStore|x64.ActiveCfg = Release|x64
		{7BDD58F4-C0F9-4171-924B-03A5F022CA0B}.AppStore|x64.Build.0 = Release|x64
		{7BDD58F4-C0F9-4171-924B-03A5F022CA0B}.AppStore|x64.Deploy.0 = Release|x64
		{7BDD58F4-C0F9-4171-924B-03A5F022CA0B}.AppStore|x86.ActiveCfg = Release|x86
		{7BDD58F4-C0F9-4171-924B-03A5F022CA0B}.AppStore|x86.Build.0 = Release|x86
		{7BDD58F4-C0F9-4171-924B-03A5F022CA0B}.AppStore|x86.Deploy.0 = Release|x86
		{7BDD58F4-C0F9-4171-924B-03A5F022CA0B}.Debug|Any CPU.ActiveCfg = Debug|x86
		{7BDD58F4-C0F9-4171-924B-03A5F022CA0B}.Debug|ARM.ActiveCfg = Debug|ARM
		{7BDD58F4-C0F9-4171-924B-03A5F022CA0B}.Debug|ARM.Build.0 = Debug|ARM
		{7BDD58F4-C0F9-4171-924B-03A5F022CA0B}.Debug|ARM.Deploy.0 = Debug|ARM
		{7BDD58F4-C0F9-4171-924B-03A5F022CA0B}.Debug|iPhone.ActiveCfg = Debug|x86
		{7BDD58F4-C0F9-4171-924B-03A5F022CA0B}.Debug|iPhoneSimulator.ActiveCfg = Debug|x86
		{7BDD58F4-C0F9-4171-924B-03A5F022CA0B}.Debug|x64.ActiveCfg = Debug|x64
		{7BDD58F4-C0F9-4171-924B-03A5F022CA0B}.Debug|x64.Build.0 = Debug|x64
		{7BDD58F4-C0F9-4171-924B-03A5F022CA0B}.Debug|x64.Deploy.0 = Debug|x64
		{7BDD58F4-C0F9-4171-924B-03A5F022CA0B}.Debug|x86.ActiveCfg = Debug|x86
		{7BDD58F4-C0F9-4171-924B-03A5F022CA0B}.Debug|x86.Build.0 = Debug|x86
		{7BDD58F4-C0F9-4171-924B-03A5F022CA0B}.Debug|x86.Deploy.0 = Debug|x86
		{7BDD58F4-C0F9-4171-924B-03A5F022CA0B}.Release|Any CPU.ActiveCfg = Release|x86
		{7BDD58F4-C0F9-4171-924B-03A5F022CA0B}.Release|ARM.ActiveCfg = Release|ARM
		{7BDD58F4-C0F9-4171-924B-03A5F022CA0B}.Release|ARM.Build.0 = Release|ARM
		{7BDD58F4-C0F9-4171-924B-03A5F022CA0B}.Release|ARM.Deploy.0 = Release|ARM
		{7BDD58F4-C0F9-4171-924B-03A5F022CA0B}.Release|iPhone.ActiveCfg = Release|x86
		{7BDD58F4-C0F9-4171-924B-03A5F022CA0B}.Release|iPhoneSimulator.ActiveCfg = Release|x86
		{7BDD58F4-C0F9-4171-924B-03A5F022CA0B}.Release|x64.ActiveCfg = Release|x64
		{7BDD58F4-C0F9-4171-924B-03A5F022CA0B}.Release|x64.Build.0 = Release|x64
		{7BDD58F4-C0F9-4171-924B-03A5F022CA0B}.Release|x64.Deploy.0 = Release|x64
		{7BDD58F4-C0F9-4171-924B-03A5F022CA0B}.Release|x86.ActiveCfg = Release|x86
		{7BDD58F4-C0F9-4171-924B-03A5F022CA0B}.Release|x86.Build.0 = Release|x86
		{7BDD58F4-C0F9-4171-924B-03A5F022CA0B}.Release|x86.Deploy.0 = Release|x86
	EndGlobalSection
	GlobalSection(SolutionProperties) = preSolution
		HideSolutionNode = FALSE
	EndGlobalSection
EndGlobal
